#MicroXplorer Configuration settings - do not modify
Mcu.Family=STM32F3
ProjectManager.MainLocation=Core/Src
RCC.MCOFreq_Value=64000000
PA6.Mode=Full_Duplex_Master
RCC.USART1Freq_Value=32000000
USART2.IPParameters=VirtualMode-Asynchronous,BaudRate
RCC.CortexFreq_Value=64000000
ProjectManager.KeepUserCode=true
PF0\ /\ OSC_IN.Mode=HSE-External-Oscillator
Mcu.UserName=STM32F303K8Tx
SPI1.VirtualType=VM_MASTER
NVIC.CAN_RX0_IRQn=true\:5\:0\:false\:true\:true\:1\:true\:true\:true
RCC.PLLCLKFreq_Value=64000000
CAN.RFLM=DISABLE
RCC.SYSCLKSourceVirtual=RCC_SYSCLKSOURCE_PLLCLK
ProjectManager.functionlistsort=1-MX_GPIO_Init-GPIO-false-HAL-true,2-SystemClock_Config-RCC-false-HAL-false,3-MX_CAN_Init-CAN-false-HAL-true,4-MX_SPI1_Init-SPI1-false-HAL-true,5-MX_USART2_UART_Init-USART2-false-HAL-true
PA9.GPIOParameters=GPIO_Label
PA11.Mode=CAN_Activate
RCC.RTCFreq_Value=40000
PB6.GPIO_Label=INH1
RCC.HSEPLLFreq_Value=8000000
CAN.SJW=CAN_SJW_2TQ
SPI1.TIMode=SPI_TIMODE_DISABLE
PinOutPanel.RotationAngle=0
ProjectManager.StackSize=0x400
PB5.GPIOParameters=GPIO_Label
VP_FREERTOS_VS_CMSIS_V2.Mode=CMSIS_V2
CAN.TTCM=DISABLE
Mcu.IP4=SPI1
RCC.FCLKCortexFreq_Value=64000000
Mcu.IP5=SYS
Mcu.IP2=NVIC
NVIC.SVCall_IRQn=true\:0\:0\:false\:false\:false\:false\:false\:false
Mcu.IP3=RCC
PB4.GPIOParameters=GPIO_Label
Mcu.IP0=CAN
Mcu.IP1=FREERTOS
PA12.Signal=CAN_TX
CAN.Prescaler=4
Mcu.UserConstants=
Mcu.ThirdPartyNb=0
SPI1.Direction=SPI_DIRECTION_2LINES
RCC.HCLKFreq_Value=64000000
Mcu.IPNb=7
ProjectManager.PreviousToolchain=STM32CubeIDE
RCC.APB2TimFreq_Value=64000000
PB6.Signal=GPIO_Output
SPI1.CalculateBaudRate=1000.0 KBits/s
Mcu.Pin6=PA6
Mcu.Pin7=PA7
Mcu.Pin8=PA9
Mcu.Pin9=PA10
FREERTOS.IPParameters=Tasks01,FootprintOK,configUSE_IDLE_HOOK,configUSE_PREEMPTION
RCC.AHBFreq_Value=64000000
RCC.TIM2Freq_Value=64000000
Mcu.Pin0=PF0 / OSC_IN
Mcu.Pin1=PF1 / OSC_OUT
GPIO.groupedBy=Show All
Mcu.Pin2=PA2
FREERTOS.configUSE_PREEMPTION=1
Mcu.Pin3=PA3
Mcu.Pin4=PA4
Mcu.Pin5=PA5
ProjectManager.ProjectBuild=false
RCC.HSE_VALUE=8000000
NVIC.UsageFault_IRQn=true\:0\:0\:false\:false\:true\:false\:false\:false
NVIC.DebugMonitor_IRQn=true\:0\:0\:false\:false\:true\:false\:false\:false
PB3.Mode=JTAG_4_pins
USART2.VirtualMode-Asynchronous=VM_ASYNC
NVIC.SysTick_IRQn=true\:15\:0\:false\:false\:false\:true\:false\:true
PA15.Mode=JTAG_4_pins
RCC.PLLMUL=RCC_PLL_MUL8
ProjectManager.FirmwarePackage=STM32Cube FW_F3 V1.11.1
MxDb.Version=DB.6.0.10
ProjectManager.BackupPrevious=false
PA14.Mode=JTAG_4_pins
VP_SYS_VS_tim1.Mode=TIM1
CAN.NART=DISABLE
SPI1.DataSize=SPI_DATASIZE_8BIT
File.Version=6
PA10.GPIO_Label=LD1
PB7.Signal=GPIO_Output
PB6.Locked=true
NVIC.PendSV_IRQn=true\:15\:0\:false\:false\:false\:true\:false\:false
PB6.GPIOParameters=GPIO_Label
CAN.CalculateTimeQuantum=125.0
ProjectManager.HalAssertFull=false
ProjectManager.ProjectName=Shiftcontroller2
RCC.TIM1Freq_Value=64000000
RCC.PLLMCOFreq_Value=64000000
PB7.GPIO_Label=INH2
Mcu.Package=LQFP32
PA6.Signal=SPI1_MISO
NVIC.TimeBase=TIM1_UP_TIM16_IRQn
ProjectManager.ToolChainLocation=
RCC.LSI_VALUE=40000
NVIC.TimeBaseIP=TIM1
PA10.Signal=GPIO_Output
FREERTOS.FootprintOK=true
PA15.Signal=SYS_JTDI
PB5.GPIO_Label=IN2
RCC.APB1TimFreq_Value=64000000
NVIC.BusFault_IRQn=true\:0\:0\:false\:false\:true\:false\:false\:false
CAN.AWUM=DISABLE
SPI1.BaudRatePrescaler=SPI_BAUDRATEPRESCALER_64
PA4.GPIO_Label=UJA_CS
ProjectManager.CustomerFirmwarePackage=
PB4.Signal=GPIO_Output
PA3.Signal=USART2_RX
PA5.Mode=Full_Duplex_Master
RCC.PLLSourceVirtual=RCC_PLLSOURCE_HSE
NVIC.CAN_RX1_IRQn=true\:5\:0\:false\:true\:true\:2\:true\:true\:true
ProjectManager.ProjectFileName=Shiftcontroller2.ioc
RCC.ADC12outputFreq_Value=64000000
FREERTOS.Tasks01=ShiftCar,24,128,StartShiftCar,Default,NULL,Dynamic,NULL,NULL;FeedWDG,40,128,StartFeedWDG,Default,NULL,Static,FeedWDGBuffer,FeedWDGControlBlock
PA7.Mode=Full_Duplex_Master
Mcu.PinsNb=22
ProjectManager.NoMain=false
SPI1.IPParameters=VirtualType,Mode,Direction,CalculateBaudRate,BaudRatePrescaler,DataSize,TIMode,CLKPhase
CAN.ABOM=ENABLE
CAN.CalculateBaudRate=1000000
NVIC.SavedSvcallIrqHandlerGenerated=true
PA9.GPIO_Label=LD2
ProjectManager.DefaultFWLocation=true
SPI1.CLKPhase=SPI_PHASE_2EDGE
ProjectManager.DeletePrevious=true
RCC.HSIPLLFreq_Value=4000000
RCC.APB1CLKDivider=RCC_HCLK_DIV2
NVIC.USART2_IRQn=true\:5\:0\:false\:true\:true\:3\:true\:true\:true
USART2.BaudRate=9600
CAN.CalculateTimeBit=1000.00
RCC.FamilyName=M
FREERTOS.configUSE_IDLE_HOOK=1
PA13.Signal=SYS_JTMS-SWDIO
PA3.Mode=Asynchronous
CAN.BS2=CAN_BS2_2TQ
CAN.BS1=CAN_BS1_5TQ
ProjectManager.TargetToolchain=STM32CubeIDE
PB7.GPIOParameters=GPIO_Label
PA9.Signal=GPIO_Output
PB5.Locked=true
ProjectManager.RegisterCallBack=
CAN.Mode=CAN_MODE_NORMAL
PF1\ /\ OSC_OUT.Signal=RCC_OSC_OUT
PA5.Signal=SPI1_SCK
board=custom
ProjectManager.LastFirmware=true
RCC.VCOOutput2Freq_Value=8000000
NVIC.SPI1_IRQn=true\:5\:0\:false\:false\:true\:true\:true\:true
NVIC.SavedSystickIrqHandlerGenerated=true
RCC.APB2Freq_Value=64000000
PF0\ /\ OSC_IN.Signal=RCC_OSC_IN
MxCube.Version=6.1.0
PB4.GPIO_Label=IN1
RCC.I2C1Freq_Value=8000000
VP_SYS_VS_tim1.Signal=SYS_VS_tim1
SPI1.Mode=SPI_MODE_MASTER
PA10.GPIOParameters=GPIO_Label
PA9.Locked=true
NVIC.NonMaskableInt_IRQn=true\:0\:0\:false\:false\:true\:false\:false\:false
PA4.GPIOParameters=GPIO_Label
CAN.IPParameters=CalculateTimeQuantum,CalculateTimeBit,CalculateBaudRate,Prescaler,SJW,Mode,BS1,TTCM,TXFP,RFLM,NART,AWUM,ABOM,BS2
PA13.Mode=JTAG_4_pins
ProjectManager.FreePins=false
RCC.IPParameters=ADC12outputFreq_Value,AHBFreq_Value,APB1CLKDivider,APB1Freq_Value,APB1TimFreq_Value,APB2Freq_Value,APB2TimFreq_Value,CortexFreq_Value,FCLKCortexFreq_Value,FamilyName,HCLKFreq_Value,HSEPLLFreq_Value,HSE_VALUE,HSIPLLFreq_Value,HSI_VALUE,I2C1Freq_Value,LSI_VALUE,MCOFreq_Value,PLLCLKFreq_Value,PLLMCOFreq_Value,PLLMUL,PLLSourceVirtual,RTCFreq_Value,RTCHSEDivFreq_Value,SYSCLKFreq_VALUE,SYSCLKSourceVirtual,TIM1Freq_Value,TIM2Freq_Value,USART1Freq_Value,VCOOutput2Freq_Value
ProjectManager.AskForMigrate=true
Mcu.Name=STM32F303K(6-8)Tx
NVIC.SavedPendsvIrqHandlerGenerated=true
RCC.RTCHSEDivFreq_Value=250000
PA2.Signal=USART2_TX
ProjectManager.UnderRoot=true
VP_FREERTOS_VS_CMSIS_V2.Signal=FREERTOS_VS_CMSIS_V2
Mcu.IP6=USART2
ProjectManager.CoupleFile=false
PB4.Locked=true
PB3.Signal=SYS_JTDO-TRACESWO
PA4.Signal=GPIO_Output
RCC.SYSCLKFreq_VALUE=64000000
PB5.Signal=GPIO_Output
Mcu.Pin20=VP_FREERTOS_VS_CMSIS_V2
Mcu.Pin21=VP_SYS_VS_tim1
PA12.Mode=CAN_Activate
PA10.Locked=true
NVIC.ForceEnableDMAVector=true
KeepUserPlacement=false
NVIC.MemoryManagement_IRQn=true\:0\:0\:false\:false\:true\:false\:false\:false
ProjectManager.CompilerOptimize=6
PA11.Signal=CAN_RX
PA14.Signal=SYS_JTCK-SWCLK
ProjectManager.HeapSize=0x200
Mcu.Pin15=PB3
NVIC.HardFault_IRQn=true\:0\:0\:false\:false\:true\:false\:false\:false
Mcu.Pin16=PB4
Mcu.Pin13=PA14
Mcu.Pin14=PA15
Mcu.Pin19=PB7
ProjectManager.ComputerToolchain=false
Mcu.Pin17=PB5
RCC.HSI_VALUE=8000000
Mcu.Pin18=PB6
NVIC.TIM1_UP_TIM16_IRQn=true\:0\:0\:false\:false\:true\:false\:false\:true
NVIC.PriorityGroup=NVIC_PRIORITYGROUP_4
Mcu.Pin11=PA12
Mcu.Pin12=PA13
Mcu.Pin10=PA11
CAN.TXFP=DISABLE
PB7.Locked=true
PA2.Mode=Asynchronous
RCC.APB1Freq_Value=32000000
ProjectManager.DeviceId=STM32F303K8Tx
ProjectManager.LibraryCopy=1
PF1\ /\ OSC_OUT.Mode=HSE-External-Oscillator
PA7.Signal=SPI1_MOSI
